{
  "requires": true,
  "lockfileVersion": 1,
  "dependencies": {
    "@salesforce-ux/design-system": {
      "version": "2.6.0",
      "resolved": "https://registry.npmjs.org/@salesforce-ux/design-system/-/design-system-2.6.0.tgz",
      "integrity": "sha512-fVt/ZpobiqlQYfvx5BVD71B0LyS0kH6cs9pkVpNBC8qWeVXlXZ/2IVK3IBgg63aSS9DZ3FQ1Q9m3E8z853WkFA=="
    }
  }
}
